// !$*UTF8*$!
{
	archiveVersion = 1;
	classes = {
	};
	objectVersion = 46;
	objects = {

/* Begin PBXBuildFile section */
		84DED5A71DE617DE0030A2FB /* AppDelegate.swift in Sources */ = {isa = PBXBuildFile; fileRef = 84DED5A61DE617DE0030A2FB /* AppDelegate.swift */; };
		84DED5A91DE617DE0030A2FB /* ViewController.swift in Sources */ = {isa = PBXBuildFile; fileRef = 84DED5A81DE617DE0030A2FB /* ViewController.swift */; };
		84DED5AC1DE617DE0030A2FB /* Main.storyboard in Resources */ = {isa = PBXBuildFile; fileRef = 84DED5AA1DE617DE0030A2FB /* Main.storyboard */; };
		84DED5AE1DE617DF0030A2FB /* Assets.xcassets in Resources */ = {isa = PBXBuildFile; fileRef = 84DED5AD1DE617DF0030A2FB /* Assets.xcassets */; };
		84DED5B11DE617DF0030A2FB /* LaunchScreen.storyboard in Resources */ = {isa = PBXBuildFile; fileRef = 84DED5AF1DE617DF0030A2FB /* LaunchScreen.storyboard */; };
/* End PBXBuildFile section */

/* Begin PBXFileReference section */
		84DED5A31DE617DE0030A2FB /* Twitchi.app */ = {isa = PBXFileReference; explicitFileType = wrapper.application; includeInIndex = 0; path = Twitchi.app; sourceTree = BUILT_PRODUCTS_DIR; };
		84DED5A61DE617DE0030A2FB /* AppDelegate.swift */ = {isa = PBXFileReference; lastKnownFileType = sourcecode.swift; path = AppDelegate.swift; sourceTree = "<group>"; };
		84DED5A81DE617DE0030A2FB /* ViewController.swift */ = {isa = PBXFileReference; lastKnownFileType = sourcecode.swift; path = ViewController.swift; sourceTree = "<group>"; };
		84DED5AB1DE617DE0030A2FB /* Base */ = {isa = PBXFileReference; lastKnownFileType = file.storyboard; name = Base; path = Base.lproj/Main.storyboard; sourceTree = "<group>"; };
		84DED5AD1DE617DF0030A2FB /* Assets.xcassets */ = {isa = PBXFileReference; lastKnownFileType = folder.assetcatalog; path = Assets.xcassets; sourceTree = "<group>"; };
		84DED5B01DE617DF0030A2FB /* Base */ = {isa = PBXFileReference; lastKnownFileType = file.storyboard; name = Base; path = Base.lproj/LaunchScreen.storyboard; sourceTree = "<group>"; };
		84DED5B21DE617DF0030A2FB /* Info.plist */ = {isa = PBXFileReference; lastKnownFileType = text.plist.xml; path = Info.plist; sourceTree = "<group>"; };
/* End PBXFileReference section */

/* Begin PBXFrameworksBuildPhase section */
		84DED5A01DE617DD0030A2FB /* Frameworks */ = {
			isa = PBXFrameworksBuildPhase;
			buildActionMask = 2147483647;
			files = (
			);
			runOnlyForDeploymentPostprocessing = 0;
		};
/* End PBXFrameworksBuildPhase section */

/* Begin PBXGroup section */
		84DED59A1DE617DD0030A2FB = {
			isa = PBXGroup;
			children = (
				84DED5A51DE617DE0030A2FB /* Twitchi */,
				84DED5A41DE617DE0030A2FB /* Products */,
			);
			sourceTree = "<group>";
		};
		84DED5A41DE617DE0030A2FB /* Products */ = {
			isa = PBXGroup;
			children = (
				84DED5A31DE617DE0030A2FB /* Twitchi.app */,
			);
			name = Products;
			sourceTree = "<group>";
		};
		84DED5A51DE617DE0030A2FB /* Twitchi */ = {
			isa = PBXGroup;
			children = (
				84DED5A61DE617DE0030A2FB /* AppDelegate.swift */,
				84DED5A81DE617DE0030A2FB /* ViewController.swift */,
				84DED5AA1DE617DE0030A2FB /* Main.storyboard */,
				84DED5AD1DE617DF0030A2FB /* Assets.xcassets */,
				84DED5AF1DE617DF0030A2FB /* LaunchScreen.storyboard */,
				84DED5B21DE617DF0030A2FB /* Info.plist */,
			);
			path = Twitchi;
			sourceTree = "<group>";
		};
/* End PBXGroup section */

/* Begin PBXNativeTarget section */
		84DED5A21DE617DD0030A2FB /* Twitchi */ = {
			isa = PBXNativeTarget;
			buildConfigurationList = 84DED5B51DE617DF0030A2FB /* Build configuration list for PBXNativeTarget "Twitchi" */;
			buildPhases = (
				84DED59F1DE617DD0030A2FB /* Sources */,
				84DED5A01DE617DD0030A2FB /* Frameworks */,
				84DED5A11DE617DD0030A2FB /* Resources */,
			);
			buildRules = (
			);
			dependencies = (
			);
			name = Twitchi;
			productName = Twitchi;
			productReference = 84DED5A31DE617DE0030A2FB /* Twitchi.app */;
			productType = "com.apple.product-type.application";
		};
/* End PBXNativeTarget section */

/* Begin PBXProject section */
		84DED59B1DE617DD0030A2FB /* Project object */ = {
			isa = PBXProject;
			attributes = {
				LastSwiftUpdateCheck = 0810;
				LastUpgradeCheck = 0810;
				ORGANIZATIONNAME = Yaroslav;
				TargetAttributes = {
					84DED5A21DE617DD0030A2FB = {
						CreatedOnToolsVersion = 8.1;
						ProvisioningStyle = Automatic;
					};
				};
			};
			buildConfigurationList = 84DED59E1DE617DD0030A2FB /* Build configuration list for PBXProject "Twitchi" */;
			compatibilityVersion = "Xcode 3.2";
			developmentRegion = English;
			hasScannedForEncodings = 0;
			knownRegions = (
				en,
				Base,
			);
			mainGroup = 84DED59A1DE617DD0030A2FB;
			productRefGroup = 84DED5A41DE617DE0030A2FB /* Products */;
			projectDirPath = "";
			projectRoot = "";
			targets = (
				84DED5A21DE617DD0030A2FB /* Twitchi */,
			);
		};
/* End PBXProject section */

/* Begin PBXResourcesBuildPhase section */
		84DED5A11DE617DD0030A2FB /* Resources */ = {
			isa = PBXResourcesBuildPhase;
			buildActionMask = 2147483647;
			files = (
				84DED5B11DE617DF0030A2FB /* LaunchScreen.storyboard in Resources */,
				84DED5AE1DE617DF0030A2FB /* Assets.xcassets in Resources */,
				84DED5AC1DE617DE0030A2FB /* Main.storyboard in Resources */,
			);
			runOnlyForDeploymentPostprocessing = 0;
		};
/* End PBXResourcesBuildPhase section */

/* Begin PBXSourcesBuildPhase section */
		84DED59F1DE617DD0030A2FB /* Sources */ = {
			isa = PBXSourcesBuildPhase;
			buildActionMask = 2147483647;
			files = (
				84DED5A91DE617DE0030A2FB /* ViewController.swift in Sources */,
				84DED5A71DE617DE0030A2FB /* AppDelegate.swift in Sources */,
			);
			runOnlyForDeploymentPostprocessing = 0;
		};
/* End PBXSourcesBuildPhase section */

/* Begin PBXVariantGroup section */
		84DED5AA1DE617DE0030A2FB /* Main.storyboard */ = {
			isa = PBXVariantGroup;
			children = (
				84DED5AB1DE617DE0030A2FB /* Base */,
			);
			name = Main.storyboard;
			sourceTree = "<group>";
		};
		84DED5AF1DE617DF0030A2FB /* LaunchScreen.storyboard */ = {
			isa = PBXVariantGroup;
			children = (
				84DED5B01DE617DF0030A2FB /* Base */,
			);
			name = LaunchScreen.storyboard;
			sourceTree = "<group>";
		};
/* End PBXVariantGroup section */

/* Begin XCBuildConfiguration section */
		84DED5B31DE617DF0030A2FB /* Debug */ = {
			isa = XCBuildConfiguration;
			buildSettings = {
				ALWAYS_SEARCH_USER_PATHS = NO;
				CLANG_ANALYZER_NONNULL = YES;
				CLANG_CXX_LANGUAGE_STANDARD = "gnu++0x";
				CLANG_CXX_LIBRARY = "libc++";
				CLANG_ENABLE_MODULES = YES;
				CLANG_ENABLE_OBJC_ARC = YES;
				CLANG_WARN_BOOL_CONVERSION = YES;
				CLANG_WARN_CONSTANT_CONVERSION = YES;
				CLANG_WARN_DIRECT_OBJC_ISA_USAGE = YES_ERROR;
				CLANG_WARN_DOCUMENTATION_COMMENTS = YES;
				CLANG_WARN_EMPTY_BODY = YES;
				CLANG_WARN_ENUM_CONVERSION = YES;
				CLANG_WARN_INFINITE_RECURSION = YES;
				CLANG_WARN_INT_CONVERSION = YES;
				CLANG_WARN_OBJC_ROOT_CLASS = YES_ERROR;
				CLANG_WARN_SUSPICIOUS_MOVES = YES;
				CLANG_WARN_UNREACHABLE_CODE = YES;
				CLANG_WARN__DUPLICATE_METHOD_MATCH = YES;
				"CODE_SIGN_IDENTITY[sdk=iphoneos*]" = "iPhone Developer";
				COPY_PHASE_STRIP = NO;
				DEBUG_INFORMATION_FORMAT = dwarf;
				ENABLE_STRICT_OBJC_MSGSEND = YES;
				ENABLE_TESTABILITY = YES;
				GCC_C_LANGUAGE_STANDARD = gnu99;
				GCC_DYNAMIC_NO_PIC = NO;
				GCC_NO_COMMON_BLOCKS = YES;
				GCC_OPTIMIZATION_LEVEL = 0;
				GCC_PREPROCESSOR_DEFINITIONS = (
					"DEBUG=1",
					"$(inherited)",
				);
				GCC_WARN_64_TO_32_BIT_CONVERSION = YES;
				GCC_WARN_ABOUT_RETURN_TYPE = YES_ERROR;
				GCC_WARN_UNDECLARED_SELECTOR = YES;
				GCC_WARN_UNINITIALIZED_AUTOS = YES_AGGRESSIVE;
				GCC_WARN_UNUSED_FUNCTION = YES;
				GCC_WARN_UNUSED_VARIABLE = YES;
				IPHONEOS_DEPLOYMENT_TARGET = 10.1;
				MTL_ENABLE_DEBUG_INFO = YES;
				ONLY_ACTIVE_ARCH = YES;
				SDKROOT = iphoneos;
				SWIFT_ACTIVE_COMPILATION_CONDITIONS = DEBUG;
				SWIFT_OPTIMIZATION_LEVEL = "-Onone";
			};
			name = Debug;
		};
		84DED5B41DE617DF0030A2FB /* Release */ = {
			isa = XCBuildConfiguration;
			buildSettings = {
				ALWAYS_SEARCH_USER_PATHS = NO;
				CLANG_ANALYZER_NONNULL = YES;
				CLANG_CXX_LANGUAGE_STANDARD = "gnu++0x";
				CLANG_CXX_LIBRARY = "libc++";
				CLANG_ENABLE_MODULES = YES;
				CLANG_ENABLE_OBJC_ARC = YES;
				CLANG_WARN_BOOL_CONVERSION = YES;
				CLANG_WARN_CONSTANT_CONVERSION = YES;
				CLANG_WARN_DIRECT_OBJC_ISA_USAGE = YES_ERROR;
				CLANG_WARN_DOCUMENTATION_COMMENTS = YES;
				CLANG_WARN_EMPTY_BODY = YES;
				CLANG_WARN_ENUM_CONVERSION = YES;
				CLANG_WARN_INFINITE_RECURSION = YES;
				CLANG_WARN_INT_CONVERSION = YES;
				CLANG_WARN_OBJC_ROOT_CLASS = YES_ERROR;
				CLANG_WARN_SUSPICIOUS_MOVES = YES;
				CLANG_WARN_UNREACHABLE_CODE = YES;
				CLANG_WARN__DUPLICATE_METHOD_MATCH = YES;
				"CODE_SIGN_IDENTITY[sdk=iphoneos*]" = "iPhone Developer";
				COPY_PHASE_STRIP = NO;
				DEBUG_INFORMATION_FORMAT = "dwarf-with-dsym";
				ENABLE_NS_ASSERTIONS = NO;
				ENABLE_STRICT_OBJC_MSGSEND = YES;
				GCC_C_LANGUAGE_STANDARD = gnu99;
				GCC_NO_COMMON_BLOCKS = YES;
				GCC_WARN_64_TO_32_BIT_CONVERSION = YES;
				GCC_WARN_ABOUT_RETURN_TYPE = YES_ERROR;
				GCC_WARN_UNDECLARED_SELECTOR = YES;
				GCC_WARN_UNINITIALIZED_AUTOS = YES_AGGRESSIVE;
				GCC_WARN_UNUSED_FUNCTION = YES;
				GCC_WARN_UNUSED_VARIABLE = YES;
				IPHONEOS_DEPLOYMENT_TARGET = 10.1;
				MTL_ENABLE_DEBUG_INFO = NO;
				SDKROOT = iphoneos;
				SWIFT_OPTIMIZATION_LEVEL = "-Owholemodule";
				VALIDATE_PRODUCT = YES;
			};
			name = Release;
		};
		84DED5B61DE617DF0030A2FB /* Debug */ = {
			isa = XCBuildConfiguration;
			buildSettings = {
				ASSETCATALOG_COMPILER_APPICON_NAME = AppIcon;
				INFOPLIST_FILE = Twitchi/Info.plist;
				LD_RUNPATH_SEARCH_PATHS = "$(inherited) @executable_path/Frameworks";
				PRODUCT_BUNDLE_IDENTIFIER = ImagineIdeas.Twitchi;
				PRODUCT_NAME = "$(TARGET_NAME)";
				SWIFT_VERSION = 3.0;
			};
			name = Debug;
		};
		84DED5B71DE617DF0030A2FB /* Release */ = {
			isa = XCBuildConfiguration;
			buildSettings = {
				ASSETCATALOG_COMPILER_APPICON_NAME = AppIcon;
				INFOPLIST_FILE = Twitchi/Info.plist;
				LD_RUNPATH_SEARCH_PATHS = "$(inherited) @executable_path/Frameworks";
				PRODUCT_BUNDLE_IDENTIFIER = ImagineIdeas.Twitchi;
				PRODUCT_NAME = "$(TARGET_NAME)";
				SWIFT_VERSION = 3.0;
			};
			name = Release;
		};
/* End XCBuildConfiguration section */

/* Begin XCConfigurationList section */
		84DED59E1DE617DD0030A2FB /* Build configuration list for PBXProject "Twitchi" */ = {
			isa = XCConfigurationList;
			buildConfigurations = (
				84DED5B31DE617DF0030A2FB /* Debug */,
				84DED5B41DE617DF0030A2FB /* Release */,
			);
			defaultConfigurationIsVisible = 0;
			defaultConfigurationName = Release;
		};
		84DED5B51DE617DF0030A2FB /* Build configuration list for PBXNativeTarget "Twitchi" */ = {
			isa = XCConfigurationList;
			buildConfigurations = (
				84DED5B61DE617DF0030A2FB /* Debug */,
				84DED5B71DE617DF0030A2FB /* Release */,
			);
			defaultConfigurationIsVisible = 0;
		};
/* End XCConfigurationList section */
	};
	rootObject = 84DED59B1DE617DD0030A2FB /* Project object */;
}
